
Microsoft Visual Studio Solution File, Format Version 12.00
# Visual Studio Version 16
VisualStudioVersion = 16.0.28803.352
MinimumVisualStudioVersion = 10.0.40219.1
Project("{9A19103F-16F7-4668-BE54-9A1E7A4F7556}") = "BackEnd", "BackEnd\BackEnd.csproj", "{D05196EB-AB2A-4B2E-99D6-963C8A6241AC}"
EndProject
Project("{FAE04EC0-301F-11D3-BF4B-00C04F79EFBC}") = "ConferenceDTO", "ConferenceDTO\ConferenceDTO.csproj", "{7B065195-2AA5-4C0D-8A2C-BC0DD03743EF}"
EndProject
Global
	GlobalSection(SolutionConfigurationPlatforms) = preSolution
		Debug|Any CPU = Debug|Any CPU
		Release|Any CPU = Release|Any CPU
	EndGlobalSection
	GlobalSection(ProjectConfigurationPlatforms) = postSolution
		{D05196EB-AB2A-4B2E-99D6-963C8A6241AC}.Debug|Any CPU.ActiveCfg = Debug|Any CPU
		{D05196EB-AB2A-4B2E-99D6-963C8A6241AC}.Debug|Any CPU.Build.0 = Debug|Any CPU
		{D05196EB-AB2A-4B2E-99D6-963C8A6241AC}.Release|Any CPU.ActiveCfg = Release|Any CPU
		{D05196EB-AB2A-4B2E-99D6-963C8A6241AC}.Release|Any CPU.Build.0 = Release|Any CPU
		{7B065195-2AA5-4C0D-8A2C-BC0DD03743EF}.Debug|Any CPU.ActiveCfg = Debug|Any CPU
		{7B065195-2AA5-4C0D-8A2C-BC0DD03743EF}.Debug|Any CPU.Build.0 = Debug|Any CPU
		{7B065195-2AA5-4C0D-8A2C-BC0DD03743EF}.Release|Any CPU.ActiveCfg = Release|Any CPU
		{7B065195-2AA5-4C0D-8A2C-BC0DD03743EF}.Release|Any CPU.Build.0 = Release|Any CPU
	EndGlobalSection
	GlobalSection(SolutionProperties) = preSolution
		HideSolutionNode = FALSE
	EndGlobalSection
	GlobalSection(ExtensibilityGlobals) = postSolution
		SolutionGuid = {AE3F9647-3453-4F4B-83D2-E82947EE408A}
	EndGlobalSection
EndGlobal
